
Microsoft Visual Studio Solution File, Format Version 12.00
# Visual Studio Version 17
VisualStudioVersion = 17.0.32014.148
MinimumVisualStudioVersion = 10.0.40219.1
Project("{FAE04EC0-301F-11D3-BF4B-00C04F79EFBC}") = "WordWrappingRichTextBox", "WordWrappingRichTextBox\WordWrappingRichTextBox.csproj", "{986B0130-851C-42CE-97CA-2AE5E1316633}"
EndProject
Global
	GlobalSection(SolutionConfigurationPlatforms) = preSolution
		Debug|Any CPU = Debug|Any CPU
		Release|Any CPU = Release|Any CPU
	EndGlobalSection
	GlobalSection(ProjectConfigurationPlatforms) = postSolution
		{986B0130-851C-42CE-97CA-2AE5E1316633}.Debug|Any CPU.ActiveCfg = Debug|Any CPU
		{986B0130-851C-42CE-97CA-2AE5E1316633}.Debug|Any CPU.Build.0 = Debug|Any CPU
		{986B0130-851C-42CE-97CA-2AE5E1316633}.Release|Any CPU.ActiveCfg = Release|Any CPU
		{986B0130-851C-42CE-97CA-2AE5E1316633}.Release|Any CPU.Build.0 = Release|Any CPU
	EndGlobalSection
	GlobalSection(SolutionProperties) = preSolution
		HideSolutionNode = FALSE
	EndGlobalSection
	GlobalSection(ExtensibilityGlobals) = postSolution
		SolutionGuid = {EB4CBC35-371D-4463-B88F-059FAE8CDE7F}
	EndGlobalSection
EndGlobal
