
Microsoft Visual Studio Solution File, Format Version 12.00
# Visual Studio Version 17
VisualStudioVersion = 17.4.33205.214
MinimumVisualStudioVersion = 10.0.40219.1
Project("{FAE04EC0-301F-11D3-BF4B-00C04F79EFBC}") = "ListBoxGroupingHeader", "ListBoxGroupingHeader\ListBoxGroupingHeader.csproj", "{24967723-5CBF-4104-98D1-BA4A47E90CD4}"
EndProject
Global
	GlobalSection(SolutionConfigurationPlatforms) = preSolution
		Debug|Any CPU = Debug|Any CPU
		Release|Any CPU = Release|Any CPU
	EndGlobalSection
	GlobalSection(ProjectConfigurationPlatforms) = postSolution
		{24967723-5CBF-4104-98D1-BA4A47E90CD4}.Debug|Any CPU.ActiveCfg = Debug|Any CPU
		{24967723-5CBF-4104-98D1-BA4A47E90CD4}.Debug|Any CPU.Build.0 = Debug|Any CPU
		{24967723-5CBF-4104-98D1-BA4A47E90CD4}.Release|Any CPU.ActiveCfg = Release|Any CPU
		{24967723-5CBF-4104-98D1-BA4A47E90CD4}.Release|Any CPU.Build.0 = Release|Any CPU
	EndGlobalSection
	GlobalSection(SolutionProperties) = preSolution
		HideSolutionNode = FALSE
	EndGlobalSection
	GlobalSection(ExtensibilityGlobals) = postSolution
		SolutionGuid = {03A26900-913F-4A97-A3D1-2F26B03F011B}
	EndGlobalSection
EndGlobal
