
Microsoft Visual Studio Solution File, Format Version 12.00
# Visual Studio Version 17
VisualStudioVersion = 17.0.32014.148
MinimumVisualStudioVersion = 10.0.40219.1
Project("{FAE04EC0-301F-11D3-BF4B-00C04F79EFBC}") = "CatchableScrollEventRichTextBox", "CatchableScrollEventRichTextBox\CatchableScrollEventRichTextBox.csproj", "{A1B09445-398C-48EC-89EC-0255DE71DE06}"
EndProject
Global
	GlobalSection(SolutionConfigurationPlatforms) = preSolution
		Debug|Any CPU = Debug|Any CPU
		Release|Any CPU = Release|Any CPU
	EndGlobalSection
	GlobalSection(ProjectConfigurationPlatforms) = postSolution
		{A1B09445-398C-48EC-89EC-0255DE71DE06}.Debug|Any CPU.ActiveCfg = Debug|Any CPU
		{A1B09445-398C-48EC-89EC-0255DE71DE06}.Debug|Any CPU.Build.0 = Debug|Any CPU
		{A1B09445-398C-48EC-89EC-0255DE71DE06}.Release|Any CPU.ActiveCfg = Release|Any CPU
		{A1B09445-398C-48EC-89EC-0255DE71DE06}.Release|Any CPU.Build.0 = Release|Any CPU
	EndGlobalSection
	GlobalSection(SolutionProperties) = preSolution
		HideSolutionNode = FALSE
	EndGlobalSection
	GlobalSection(ExtensibilityGlobals) = postSolution
		SolutionGuid = {535274A3-8E54-4AD6-9C42-433116A4149B}
	EndGlobalSection
EndGlobal
